{
    "_readme": [
        "This file locks the dependencies of your project to a known state",
        "Read more about it at https://getcomposer.org/doc/01-basic-usage.md#composer-lock-the-lock-file",
        "This file is @generated automatically"
    ],
    "hash": "3d4cb9d91a8d3f30bae923043a6a6edb",
    "content-hash": "35ed4db9caab6b456be70b7aa6e5432c",
    "packages": [
        {
            "name": "amenadiel/jpgraph",
            "version": "3.6.6",
            "source": {
                "type": "git",
                "url": "https://github.com/HuasoFoundries/jpgraph.git",
                "reference": "6596bdfd8c406672bd165bf7754df1130158ddac"
            },
            "dist": {
                "type": "zip",
                "url": "https://api.github.com/repos/HuasoFoundries/jpgraph/zipball/6596bdfd8c406672bd165bf7754df1130158ddac",
                "reference": "6596bdfd8c406672bd165bf7754df1130158ddac",
                "shasum": ""
            },
            "require": {
                "ext-gd": "*",
                "php": ">=5.3.0"
            },
            "type": "library",
            "autoload": {
                "psr-4": {
                    "Amenadiel\\JpGraph\\": "src/",
                    "Amenadiel\\JpGraph\\Graph\\": "src/graph",
                    "Amenadiel\\JpGraph\\Image\\": "src/image",
                    "Amenadiel\\JpGraph\\Plot\\": "src/plot",
                    "Amenadiel\\JpGraph\\Text\\": "src/text",
                    "Amenadiel\\JpGraph\\Themes\\": "src/themes",
                    "Amenadiel\\JpGraph\\Util\\": "src/util"
                }
            },
            "notification-url": "https://packagist.org/downloads/",
            "license": [
                "QPL 1.0"
            ],
            "description": "jpGraph, library to make graphs and charts",
            "homepage": "http://jpgraph.net/",
            "keywords": [
                "chart",
                "data",
                "graph",
                "jpgraph",
                "pie"
            ],
            "time": "2016-03-11 13:58:40"
        },
        {
            "name": "codemirror/CodeMirror",
            "version": "5.0.0",
            "source": {
                "type": "git",
                "url": "git://github.com/codemirror/CodeMirror.git",
                "reference": "5.0.0"
            },
            "type": "library"
        },
        {
            "name": "garetjax/phpbrowscap",
            "version": "2.0",
            "source": {
                "type": "git",
                "url": "https://github.com/GaretJax/phpbrowscap.git",
                "reference": "ed661716d0d9158bac6ab3b074b18b70f8d18bef"
            },
            "dist": {
                "type": "zip",
                "url": "https://api.github.com/repos/GaretJax/phpbrowscap/zipball/ed661716d0d9158bac6ab3b074b18b70f8d18bef",
                "reference": "ed661716d0d9158bac6ab3b074b18b70f8d18bef",
                "shasum": ""
            },
            "require": {
                "php": ">=5.3.0"
            },
            "type": "library",
            "autoload": {
                "psr-0": {
                    "phpbrowscap": "src/"
                }
            },
            "notification-url": "https://packagist.org/downloads/",
            "license": [
                "MIT License"
            ],
            "authors": [
                {
                    "name": "Jonathan Stoppani",
                    "email": "jonathan.stoppani@gmail.com"
                }
            ],
            "description": "Standalone replacement for php's native get_browser() function",
            "homepage": "http://github.com/GaretJax/phpbrowscap",
            "keywords": [
                "browser",
                "capabilities",
                "get_browser",
                "user agent"
            ],
            "time": "2014-02-04 09:18:51"
        },
        {
            "name": "michelf/php-markdown",
            "version": "1.4.1",
            "source": {
                "type": "git",
                "url": "https://github.com/michelf/php-markdown.git",
                "reference": "de9a19c7bf352d41cc99ed86c3c0ef17e87394b6"
            },
            "dist": {
                "type": "zip",
                "url": "https://api.github.com/repos/michelf/php-markdown/zipball/de9a19c7bf352d41cc99ed86c3c0ef17e87394b6",
                "reference": "de9a19c7bf352d41cc99ed86c3c0ef17e87394b6",
                "shasum": ""
            },
            "require": {
                "php": ">=5.3.0"
            },
            "type": "library",
            "extra": {
                "branch-alias": {
                    "dev-lib": "1.4.x-dev"
                }
            },
            "autoload": {
                "psr-0": {
                    "Michelf": ""
                }
            },
            "notification-url": "https://packagist.org/downloads/",
            "license": [
                "BSD-3-Clause"
            ],
            "authors": [
                {
                    "name": "Michel Fortin",
                    "email": "michel.fortin@michelf.ca",
                    "homepage": "http://michelf.ca/",
                    "role": "Developer"
                },
                {
                    "name": "John Gruber",
                    "homepage": "http://daringfireball.net/"
                }
            ],
            "description": "PHP Markdown",
            "homepage": "http://michelf.ca/projects/php-markdown/",
            "keywords": [
                "markdown"
            ],
            "time": "2014-05-05 02:43:50"
        },
        {
            "name": "phpoffice/phpexcel",
            "version": "1.8.0",
            "source": {
                "type": "git",
                "url": "https://github.com/PHPOffice/PHPExcel.git",
                "reference": "e69a5e4d0ffa7fb6f171859e0a04346e580df30b"
            },
            "dist": {
                "type": "zip",
                "url": "https://api.github.com/repos/PHPOffice/PHPExcel/zipball/e69a5e4d0ffa7fb6f171859e0a04346e580df30b",
                "reference": "e69a5e4d0ffa7fb6f171859e0a04346e580df30b",
                "shasum": ""
            },
            "require": {
                "ext-xml": "*",
                "ext-xmlwriter": "*",
                "php": ">=5.2.0"
            },
            "type": "library",
            "autoload": {
                "psr-0": {
                    "PHPExcel": "Classes/"
                }
            },
            "notification-url": "https://packagist.org/downloads/",
            "license": [
                "LGPL"
            ],
            "authors": [
                {
                    "name": "Maarten Balliauw",
                    "homepage": "http://blog.maartenballiauw.be"
                },
                {
                    "name": "Mark Baker"
                },
                {
                    "name": "Franck Lefevre",
                    "homepage": "http://blog.rootslabs.net"
                },
                {
                    "name": "Erik Tilt"
                }
            ],
            "description": "PHPExcel - OpenXML - Read, Create and Write Spreadsheet documents in PHP - Spreadsheet engine",
            "homepage": "http://phpexcel.codeplex.com",
            "keywords": [
                "OpenXML",
                "excel",
                "php",
                "spreadsheet",
                "xls",
                "xlsx"
            ],
            "time": "2014-03-02 15:22:49"
        }
    ],
    "packages-dev": [],
    "aliases": [],
    "minimum-stability": "stable",
    "stability-flags": [],
    "prefer-stable": false,
    "prefer-lowest": false,
    "platform": {
        "php": ">=5.4.0"
    },
    "platform-dev": []
}
